
Microsoft Visual Studio Solution File, Format Version 12.00
# Visual Studio Version 17
VisualStudioVersion = 17.11.35327.3
MinimumVisualStudioVersion = 10.0.40219.1
Project("{FAE04EC0-301F-11D3-BF4B-00C04F79EFBC}") = "TreeMgmtSystem", "TreeMgmtSystem\TreeMgmtSystem.csproj", "{F54BF48F-F5E5-4B6F-A32E-A4792ABA3615}"
EndProject
Global
	GlobalSection(SolutionConfigurationPlatforms) = preSolution
		Debug|Any CPU = Debug|Any CPU
		Release|Any CPU = Release|Any CPU
	EndGlobalSection
	GlobalSection(ProjectConfigurationPlatforms) = postSolution
		{F54BF48F-F5E5-4B6F-A32E-A4792ABA3615}.Debug|Any CPU.ActiveCfg = Debug|Any CPU
		{F54BF48F-F5E5-4B6F-A32E-A4792ABA3615}.Debug|Any CPU.Build.0 = Debug|Any CPU
		{F54BF48F-F5E5-4B6F-A32E-A4792ABA3615}.Release|Any CPU.ActiveCfg = Release|Any CPU
		{F54BF48F-F5E5-4B6F-A32E-A4792ABA3615}.Release|Any CPU.Build.0 = Release|Any CPU
	EndGlobalSection
	GlobalSection(SolutionProperties) = preSolution
		HideSolutionNode = FALSE
	EndGlobalSection
	GlobalSection(ExtensibilityGlobals) = postSolution
		SolutionGuid = {0DF7C023-E7F0-43F9-AFCA-0A206E06E728}
	EndGlobalSection
EndGlobal
